// !$*UTF8*$!
{
	archiveVersion = 1;
	classes = {
	};
	objectVersion = 50;
	objects = {

/* Begin PBXBuildFile section */
		2DF590CA21F5FE56006E619D /* AppDelegate.swift in Sources */ = {isa = PBXBuildFile; fileRef = 2DF590C921F5FE56006E619D /* AppDelegate.swift */; };
		2DF590CC21F5FE56006E619D /* ViewController.swift in Sources */ = {isa = PBXBuildFile; fileRef = 2DF590CB21F5FE56006E619D /* ViewController.swift */; };
		2DF590CF21F5FE56006E619D /* Main.storyboard in Resources */ = {isa = PBXBuildFile; fileRef = 2DF590CD21F5FE56006E619D /* Main.storyboard */; };
		2DF590D221F5FE56006E619D /* ParsistIos.xcdatamodeld in Sources */ = {isa = PBXBuildFile; fileRef = 2DF590D021F5FE56006E619D /* ParsistIos.xcdatamodeld */; };
		2DF590D421F5FE59006E619D /* Assets.xcassets in Resources */ = {isa = PBXBuildFile; fileRef = 2DF590D321F5FE59006E619D /* Assets.xcassets */; };
		2DF590D721F5FE59006E619D /* LaunchScreen.storyboard in Resources */ = {isa = PBXBuildFile; fileRef = 2DF590D521F5FE59006E619D /* LaunchScreen.storyboard */; };
/* End PBXBuildFile section */

/* Begin PBXFileReference section */
		2DF590C621F5FE56006E619D /* ParsistIos.app */ = {isa = PBXFileReference; explicitFileType = wrapper.application; includeInIndex = 0; path = ParsistIos.app; sourceTree = BUILT_PRODUCTS_DIR; };
		2DF590C921F5FE56006E619D /* AppDelegate.swift */ = {isa = PBXFileReference; lastKnownFileType = sourcecode.swift; path = AppDelegate.swift; sourceTree = "<group>"; };
		2DF590CB21F5FE56006E619D /* ViewController.swift */ = {isa = PBXFileReference; lastKnownFileType = sourcecode.swift; path = ViewController.swift; sourceTree = "<group>"; };
		2DF590CE21F5FE56006E619D /* Base */ = {isa = PBXFileReference; lastKnownFileType = file.storyboard; name = Base; path = Base.lproj/Main.storyboard; sourceTree = "<group>"; };
		2DF590D121F5FE56006E619D /* ParsistIos.xcdatamodel */ = {isa = PBXFileReference; lastKnownFileType = wrapper.xcdatamodel; path = ParsistIos.xcdatamodel; sourceTree = "<group>"; };
		2DF590D321F5FE59006E619D /* Assets.xcassets */ = {isa = PBXFileReference; lastKnownFileType = folder.assetcatalog; path = Assets.xcassets; sourceTree = "<group>"; };
		2DF590D621F5FE59006E619D /* Base */ = {isa = PBXFileReference; lastKnownFileType = file.storyboard; name = Base; path = Base.lproj/LaunchScreen.storyboard; sourceTree = "<group>"; };
		2DF590D821F5FE59006E619D /* Info.plist */ = {isa = PBXFileReference; lastKnownFileType = text.plist.xml; path = Info.plist; sourceTree = "<group>"; };
/* End PBXFileReference section */

/* Begin PBXFrameworksBuildPhase section */
		2DF590C321F5FE56006E619D /* Frameworks */ = {
			isa = PBXFrameworksBuildPhase;
			buildActionMask = 2147483647;
			files = (
			);
			runOnlyForDeploymentPostprocessing = 0;
		};
/* End PBXFrameworksBuildPhase section */

/* Begin PBXGroup section */
		2DF590BD21F5FE56006E619D = {
			isa = PBXGroup;
			children = (
				2DF590C821F5FE56006E619D /* ParsistIos */,
				2DF590C721F5FE56006E619D /* Products */,
			);
			sourceTree = "<group>";
		};
		2DF590C721F5FE56006E619D /* Products */ = {
			isa = PBXGroup;
			children = (
				2DF590C621F5FE56006E619D /* ParsistIos.app */,
			);
			name = Products;
			sourceTree = "<group>";
		};
		2DF590C821F5FE56006E619D /* ParsistIos */ = {
			isa = PBXGroup;
			children = (
				2DF590C921F5FE56006E619D /* AppDelegate.swift */,
				2DF590CB21F5FE56006E619D /* ViewController.swift */,
				2DF590CD21F5FE56006E619D /* Main.storyboard */,
				2DF590D321F5FE59006E619D /* Assets.xcassets */,
				2DF590D521F5FE59006E619D /* LaunchScreen.storyboard */,
				2DF590D821F5FE59006E619D /* Info.plist */,
				2DF590D021F5FE56006E619D /* ParsistIos.xcdatamodeld */,
			);
			path = ParsistIos;
			sourceTree = "<group>";
		};
/* End PBXGroup section */

/* Begin PBXNativeTarget section */
		2DF590C521F5FE56006E619D /* ParsistIos */ = {
			isa = PBXNativeTarget;
			buildConfigurationList = 2DF590DB21F5FE59006E619D /* Build configuration list for PBXNativeTarget "ParsistIos" */;
			buildPhases = (
				2DF590C221F5FE56006E619D /* Sources */,
				2DF590C321F5FE56006E619D /* Frameworks */,
				2DF590C421F5FE56006E619D /* Resources */,
			);
			buildRules = (
			);
			dependencies = (
			);
			name = ParsistIos;
			productName = ParsistIos;
			productReference = 2DF590C621F5FE56006E619D /* ParsistIos.app */;
			productType = "com.apple.product-type.application";
		};
/* End PBXNativeTarget section */

/* Begin PBXProject section */
		2DF590BE21F5FE56006E619D /* Project object */ = {
			isa = PBXProject;
			attributes = {
				LastSwiftUpdateCheck = 1000;
				LastUpgradeCheck = 1000;
				ORGANIZATIONNAME = Erdo;
				TargetAttributes = {
					2DF590C521F5FE56006E619D = {
						CreatedOnToolsVersion = 10.0;
					};
				};
			};
			buildConfigurationList = 2DF590C121F5FE56006E619D /* Build configuration list for PBXProject "ParsistIos" */;
			compatibilityVersion = "Xcode 9.3";
			developmentRegion = en;
			hasScannedForEncodings = 0;
			knownRegions = (
				en,
				Base,
			);
			mainGroup = 2DF590BD21F5FE56006E619D;
			productRefGroup = 2DF590C721F5FE56006E619D /* Products */;
			projectDirPath = "";
			projectRoot = "";
			targets = (
				2DF590C521F5FE56006E619D /* ParsistIos */,
			);
		};
/* End PBXProject section */

/* Begin PBXResourcesBuildPhase section */
		2DF590C421F5FE56006E619D /* Resources */ = {
			isa = PBXResourcesBuildPhase;
			buildActionMask = 2147483647;
			files = (
				2DF590D721F5FE59006E619D /* LaunchScreen.storyboard in Resources */,
				2DF590D421F5FE59006E619D /* Assets.xcassets in Resources */,
				2DF590CF21F5FE56006E619D /* Main.storyboard in Resources */,
			);
			runOnlyForDeploymentPostprocessing = 0;
		};
/* End PBXResourcesBuildPhase section */

/* Begin PBXSourcesBuildPhase section */
		2DF590C221F5FE56006E619D /* Sources */ = {
			isa = PBXSourcesBuildPhase;
			buildActionMask = 2147483647;
			files = (
				2DF590D221F5FE56006E619D /* ParsistIos.xcdatamodeld in Sources */,
				2DF590CC21F5FE56006E619D /* ViewController.swift in Sources */,
				2DF590CA21F5FE56006E619D /* AppDelegate.swift in Sources */,
			);
			runOnlyForDeploymentPostprocessing = 0;
		};
/* End PBXSourcesBuildPhase section */

/* Begin PBXVariantGroup section */
		2DF590CD21F5FE56006E619D /* Main.storyboard */ = {
			isa = PBXVariantGroup;
			children = (
				2DF590CE21F5FE56006E619D /* Base */,
			);
			name = Main.storyboard;
			sourceTree = "<group>";
		};
		2DF590D521F5FE59006E619D /* LaunchScreen.storyboard */ = {
			isa = PBXVariantGroup;
			children = (
				2DF590D621F5FE59006E619D /* Base */,
			);
			name = LaunchScreen.storyboard;
			sourceTree = "<group>";
		};
/* End PBXVariantGroup section */

/* Begin XCBuildConfiguration section */
		2DF590D921F5FE59006E619D /* Debug */ = {
			isa = XCBuildConfiguration;
			buildSettings = {
				ALWAYS_SEARCH_USER_PATHS = NO;
				CLANG_ANALYZER_NONNULL = YES;
				CLANG_ANALYZER_NUMBER_OBJECT_CONVERSION = YES_AGGRESSIVE;
				CLANG_CXX_LANGUAGE_STANDARD = "gnu++14";
				CLANG_CXX_LIBRARY = "libc++";
				CLANG_ENABLE_MODULES = YES;
				CLANG_ENABLE_OBJC_ARC = YES;
				CLANG_ENABLE_OBJC_WEAK = YES;
				CLANG_WARN_BLOCK_CAPTURE_AUTORELEASING = YES;
				CLANG_WARN_BOOL_CONVERSION = YES;
				CLANG_WARN_COMMA = YES;
				CLANG_WARN_CONSTANT_CONVERSION = YES;
				CLANG_WARN_DEPRECATED_OBJC_IMPLEMENTATIONS = YES;
				CLANG_WARN_DIRECT_OBJC_ISA_USAGE = YES_ERROR;
				CLANG_WARN_DOCUMENTATION_COMMENTS = YES;
				CLANG_WARN_EMPTY_BODY = YES;
				CLANG_WARN_ENUM_CONVERSION = YES;
				CLANG_WARN_INFINITE_RECURSION = YES;
				CLANG_WARN_INT_CONVERSION = YES;
				CLANG_WARN_NON_LITERAL_NULL_CONVERSION = YES;
				CLANG_WARN_OBJC_IMPLICIT_RETAIN_SELF = YES;
				CLANG_WARN_OBJC_LITERAL_CONVERSION = YES;
				CLANG_WARN_OBJC_ROOT_CLASS = YES_ERROR;
				CLANG_WARN_RANGE_LOOP_ANALYSIS = YES;
				CLANG_WARN_STRICT_PROTOTYPES = YES;
				CLANG_WARN_SUSPICIOUS_MOVE = YES;
				CLANG_WARN_UNGUARDED_AVAILABILITY = YES_AGGRESSIVE;
				CLANG_WARN_UNREACHABLE_CODE = YES;
				CLANG_WARN__DUPLICATE_METHOD_MATCH = YES;
				CODE_SIGN_IDENTITY = "iPhone Developer";
				COPY_PHASE_STRIP = NO;
				DEBUG_INFORMATION_FORMAT = dwarf;
				ENABLE_STRICT_OBJC_MSGSEND = YES;
				ENABLE_TESTABILITY = YES;
				GCC_C_LANGUAGE_STANDARD = gnu11;
				GCC_DYNAMIC_NO_PIC = NO;
				GCC_NO_COMMON_BLOCKS = YES;
				GCC_OPTIMIZATION_LEVEL = 0;
				GCC_PREPROCESSOR_DEFINITIONS = (
					"DEBUG=1",
					"$(inherited)",
				);
				GCC_WARN_64_TO_32_BIT_CONVERSION = YES;
				GCC_WARN_ABOUT_RETURN_TYPE = YES_ERROR;
				GCC_WARN_UNDECLARED_SELECTOR = YES;
				GCC_WARN_UNINITIALIZED_AUTOS = YES_AGGRESSIVE;
				GCC_WARN_UNUSED_FUNCTION = YES;
				GCC_WARN_UNUSED_VARIABLE = YES;
				IPHONEOS_DEPLOYMENT_TARGET = 12.0;
				MTL_ENABLE_DEBUG_INFO = INCLUDE_SOURCE;
				MTL_FAST_MATH = YES;
				ONLY_ACTIVE_ARCH = YES;
				SDKROOT = iphoneos;
				SWIFT_ACTIVE_COMPILATION_CONDITIONS = DEBUG;
				SWIFT_OPTIMIZATION_LEVEL = "-Onone";
			};
			name = Debug;
		};
		2DF590DA21F5FE59006E619D /* Release */ = {
			isa = XCBuildConfiguration;
			buildSettings = {
				ALWAYS_SEARCH_USER_PATHS = NO;
				CLANG_ANALYZER_NONNULL = YES;
				CLANG_ANALYZER_NUMBER_OBJECT_CONVERSION = YES_AGGRESSIVE;
				CLANG_CXX_LANGUAGE_STANDARD = "gnu++14";
				CLANG_CXX_LIBRARY = "libc++";
				CLANG_ENABLE_MODULES = YES;
				CLANG_ENABLE_OBJC_ARC = YES;
				CLANG_ENABLE_OBJC_WEAK = YES;
				CLANG_WARN_BLOCK_CAPTURE_AUTORELEASING = YES;
				CLANG_WARN_BOOL_CONVERSION = YES;
				CLANG_WARN_COMMA = YES;
				CLANG_WARN_CONSTANT_CONVERSION = YES;
				CLANG_WARN_DEPRECATED_OBJC_IMPLEMENTATIONS = YES;
				CLANG_WARN_DIRECT_OBJC_ISA_USAGE = YES_ERROR;
				CLANG_WARN_DOCUMENTATION_COMMENTS = YES;
				CLANG_WARN_EMPTY_BODY = YES;
				CLANG_WARN_ENUM_CONVERSION = YES;
				CLANG_WARN_INFINITE_RECURSION = YES;
				CLANG_WARN_INT_CONVERSION = YES;
				CLANG_WARN_NON_LITERAL_NULL_CONVERSION = YES;
				CLANG_WARN_OBJC_IMPLICIT_RETAIN_SELF = YES;
				CLANG_WARN_OBJC_LITERAL_CONVERSION = YES;
				CLANG_WARN_OBJC_ROOT_CLASS = YES_ERROR;
				CLANG_WARN_RANGE_LOOP_ANALYSIS = YES;
				CLANG_WARN_STRICT_PROTOTYPES = YES;
				CLANG_WARN_SUSPICIOUS_MOVE = YES;
				CLANG_WARN_UNGUARDED_AVAILABILITY = YES_AGGRESSIVE;
				CLANG_WARN_UNREACHABLE_CODE = YES;
				CLANG_WARN__DUPLICATE_METHOD_MATCH = YES;
				CODE_SIGN_IDENTITY = "iPhone Developer";
				COPY_PHASE_STRIP = NO;
				DEBUG_INFORMATION_FORMAT = "dwarf-with-dsym";
				ENABLE_NS_ASSERTIONS = NO;
				ENABLE_STRICT_OBJC_MSGSEND = YES;
				GCC_C_LANGUAGE_STANDARD = gnu11;
				GCC_NO_COMMON_BLOCKS = YES;
				GCC_WARN_64_TO_32_BIT_CONVERSION = YES;
				GCC_WARN_ABOUT_RETURN_TYPE = YES_ERROR;
				GCC_WARN_UNDECLARED_SELECTOR = YES;
				GCC_WARN_UNINITIALIZED_AUTOS = YES_AGGRESSIVE;
				GCC_WARN_UNUSED_FUNCTION = YES;
				GCC_WARN_UNUSED_VARIABLE = YES;
				IPHONEOS_DEPLOYMENT_TARGET = 12.0;
				MTL_ENABLE_DEBUG_INFO = NO;
				MTL_FAST_MATH = YES;
				SDKROOT = iphoneos;
				SWIFT_COMPILATION_MODE = wholemodule;
				SWIFT_OPTIMIZATION_LEVEL = "-O";
				VALIDATE_PRODUCT = YES;
			};
			name = Release;
		};
		2DF590DC21F5FE59006E619D /* Debug */ = {
			isa = XCBuildConfiguration;
			buildSettings = {
				ASSETCATALOG_COMPILER_APPICON_NAME = AppIcon;
				CODE_SIGN_STYLE = Automatic;
				DEVELOPMENT_TEAM = A93J87WMF2;
				INFOPLIST_FILE = ParsistIos/Info.plist;
				LD_RUNPATH_SEARCH_PATHS = (
					"$(inherited)",
					"@executable_path/Frameworks",
				);
				PRODUCT_BUNDLE_IDENTIFIER = com.erdo.ParsistIos;
				PRODUCT_NAME = "$(TARGET_NAME)";
				SWIFT_VERSION = 4.2;
				TARGETED_DEVICE_FAMILY = "1,2";
			};
			name = Debug;
		};
		2DF590DD21F5FE59006E619D /* Release */ = {
			isa = XCBuildConfiguration;
			buildSettings = {
				ASSETCATALOG_COMPILER_APPICON_NAME = AppIcon;
				CODE_SIGN_STYLE = Automatic;
				DEVELOPMENT_TEAM = A93J87WMF2;
				INFOPLIST_FILE = ParsistIos/Info.plist;
				LD_RUNPATH_SEARCH_PATHS = (
					"$(inherited)",
					"@executable_path/Frameworks",
				);
				PRODUCT_BUNDLE_IDENTIFIER = com.erdo.ParsistIos;
				PRODUCT_NAME = "$(TARGET_NAME)";
				SWIFT_VERSION = 4.2;
				TARGETED_DEVICE_FAMILY = "1,2";
			};
			name = Release;
		};
/* End XCBuildConfiguration section */

/* Begin XCConfigurationList section */
		2DF590C121F5FE56006E619D /* Build configuration list for PBXProject "ParsistIos" */ = {
			isa = XCConfigurationList;
			buildConfigurations = (
				2DF590D921F5FE59006E619D /* Debug */,
				2DF590DA21F5FE59006E619D /* Release */,
			);
			defaultConfigurationIsVisible = 0;
			defaultConfigurationName = Release;
		};
		2DF590DB21F5FE59006E619D /* Build configuration list for PBXNativeTarget "ParsistIos" */ = {
			isa = XCConfigurationList;
			buildConfigurations = (
				2DF590DC21F5FE59006E619D /* Debug */,
				2DF590DD21F5FE59006E619D /* Release */,
			);
			defaultConfigurationIsVisible = 0;
			defaultConfigurationName = Release;
		};
/* End XCConfigurationList section */

/* Begin XCVersionGroup section */
		2DF590D021F5FE56006E619D /* ParsistIos.xcdatamodeld */ = {
			isa = XCVersionGroup;
			children = (
				2DF590D121F5FE56006E619D /* ParsistIos.xcdatamodel */,
			);
			currentVersion = 2DF590D121F5FE56006E619D /* ParsistIos.xcdatamodel */;
			path = ParsistIos.xcdatamodeld;
			sourceTree = "<group>";
			versionGroupType = wrapper.xcdatamodel;
		};
/* End XCVersionGroup section */
	};
	rootObject = 2DF590BE21F5FE56006E619D /* Project object */;
}
